PODS:
  - ffmpeg-kit-ios-full-gpl (5.1)

DEPENDENCIES:
  - ffmpeg-kit-ios-full-gpl (~> 5.1)

SPEC REPOS:
  trunk:
    - ffmpeg-kit-ios-full-gpl

SPEC CHECKSUMS:
  ffmpeg-kit-ios-full-gpl: 2682965e5b3e7f13a05836d46d302eafe6c5039e

PODFILE CHECKSUM: f562ebf0e5456c15e543b697a8f89b2891ca3d53

COCOAPODS: 1.12.0
