// !$*UTF8*$!
{
	archiveVersion = 1;
	classes = {
	};
	objectVersion = 56;
	objects = {

/* Begin PBXBuildFile section */
		047A410D2A1A4553002D4125 /* libGLTools.a in Frameworks */ = {isa = PBXBuildFile; fileRef = 047A410C2A1A4553002D4125 /* libGLTools.a */; };
		04981FA12A1A443E00F85EC8 /* main.cpp in Sources */ = {isa = PBXBuildFile; fileRef = 04981FA02A1A443E00F85EC8 /* main.cpp */; };
		04981FBC2A1A447700F85EC8 /* OpenGL.framework in Frameworks */ = {isa = PBXBuildFile; fileRef = 04981FBB2A1A447700F85EC8 /* OpenGL.framework */; };
		04981FBE2A1A448100F85EC8 /* GLUT.framework in Frameworks */ = {isa = PBXBuildFile; fileRef = 04981FBD2A1A448100F85EC8 /* GLUT.framework */; };
/* End PBXBuildFile section */

/* Begin PBXCopyFilesBuildPhase section */
		04981F9B2A1A443E00F85EC8 /* CopyFiles */ = {
			isa = PBXCopyFilesBuildPhase;
			buildActionMask = 2147483647;
			dstPath = /usr/share/man/man1/;
			dstSubfolderSpec = 0;
			files = (
			);
			runOnlyForDeploymentPostprocessing = 1;
		};
/* End PBXCopyFilesBuildPhase section */

/* Begin PBXFileReference section */
		047A40FD2A1A4553002D4125 /* GLBatchBase.h */ = {isa = PBXFileReference; fileEncoding = 4; lastKnownFileType = sourcecode.c.h; path = GLBatchBase.h; sourceTree = "<group>"; };
		047A40FE2A1A4553002D4125 /* math3d.h */ = {isa = PBXFileReference; fileEncoding = 4; lastKnownFileType = sourcecode.c.h; path = math3d.h; sourceTree = "<group>"; };
		047A40FF2A1A4553002D4125 /* GLTriangleBatch.h */ = {isa = PBXFileReference; fileEncoding = 4; lastKnownFileType = sourcecode.c.h; path = GLTriangleBatch.h; sourceTree = "<group>"; };
		047A41002A1A4553002D4125 /* GLBatch.h */ = {isa = PBXFileReference; fileEncoding = 4; lastKnownFileType = sourcecode.c.h; path = GLBatch.h; sourceTree = "<group>"; };
		047A41012A1A4553002D4125 /* GLMatrixStack.h */ = {isa = PBXFileReference; fileEncoding = 4; lastKnownFileType = sourcecode.c.h; path = GLMatrixStack.h; sourceTree = "<group>"; };
		047A41022A1A4553002D4125 /* GLFrame.h */ = {isa = PBXFileReference; fileEncoding = 4; lastKnownFileType = sourcecode.c.h; path = GLFrame.h; sourceTree = "<group>"; };
		047A41032A1A4553002D4125 /* GLFrustum.h */ = {isa = PBXFileReference; fileEncoding = 4; lastKnownFileType = sourcecode.c.h; path = GLFrustum.h; sourceTree = "<group>"; };
		047A41042A1A4553002D4125 /* GLGeometryTransform.h */ = {isa = PBXFileReference; fileEncoding = 4; lastKnownFileType = sourcecode.c.h; path = GLGeometryTransform.h; sourceTree = "<group>"; };
		047A41052A1A4553002D4125 /* GLShaderManager.h */ = {isa = PBXFileReference; fileEncoding = 4; lastKnownFileType = sourcecode.c.h; path = GLShaderManager.h; sourceTree = "<group>"; };
		047A41062A1A4553002D4125 /* StopWatch.h */ = {isa = PBXFileReference; fileEncoding = 4; lastKnownFileType = sourcecode.c.h; path = StopWatch.h; sourceTree = "<group>"; };
		047A41082A1A4553002D4125 /* glxew.h */ = {isa = PBXFileReference; fileEncoding = 4; lastKnownFileType = sourcecode.c.h; path = glxew.h; sourceTree = "<group>"; };
		047A41092A1A4553002D4125 /* wglew.h */ = {isa = PBXFileReference; fileEncoding = 4; lastKnownFileType = sourcecode.c.h; path = wglew.h; sourceTree = "<group>"; };
		047A410A2A1A4553002D4125 /* glew.h */ = {isa = PBXFileReference; fileEncoding = 4; lastKnownFileType = sourcecode.c.h; path = glew.h; sourceTree = "<group>"; };
		047A410B2A1A4553002D4125 /* GLTools.h */ = {isa = PBXFileReference; fileEncoding = 4; lastKnownFileType = sourcecode.c.h; path = GLTools.h; sourceTree = "<group>"; };
		047A410C2A1A4553002D4125 /* libGLTools.a */ = {isa = PBXFileReference; lastKnownFileType = archive.ar; path = libGLTools.a; sourceTree = "<group>"; };
		04981F9D2A1A443E00F85EC8 /* TestJJCmd */ = {isa = PBXFileReference; explicitFileType = "compiled.mach-o.executable"; includeInIndex = 0; path = TestJJCmd; sourceTree = BUILT_PRODUCTS_DIR; };
		04981FA02A1A443E00F85EC8 /* main.cpp */ = {isa = PBXFileReference; lastKnownFileType = sourcecode.cpp.cpp; path = main.cpp; sourceTree = "<group>"; };
		04981FBB2A1A447700F85EC8 /* OpenGL.framework */ = {isa = PBXFileReference; lastKnownFileType = wrapper.framework; name = OpenGL.framework; path = System/Library/Frameworks/OpenGL.framework; sourceTree = SDKROOT; };
		04981FBD2A1A448100F85EC8 /* GLUT.framework */ = {isa = PBXFileReference; lastKnownFileType = wrapper.framework; name = GLUT.framework; path = System/Library/Frameworks/GLUT.framework; sourceTree = SDKROOT; };
/* End PBXFileReference section */

/* Begin PBXFrameworksBuildPhase section */
		04981F9A2A1A443E00F85EC8 /* Frameworks */ = {
			isa = PBXFrameworksBuildPhase;
			buildActionMask = 2147483647;
			files = (
				047A410D2A1A4553002D4125 /* libGLTools.a in Frameworks */,
				04981FBE2A1A448100F85EC8 /* GLUT.framework in Frameworks */,
				04981FBC2A1A447700F85EC8 /* OpenGL.framework in Frameworks */,
			);
			runOnlyForDeploymentPostprocessing = 0;
		};
/* End PBXFrameworksBuildPhase section */

/* Begin PBXGroup section */
		047A40FB2A1A4553002D4125 /* OpenGlShare */ = {
			isa = PBXGroup;
			children = (
				047A40FC2A1A4553002D4125 /* include */,
				047A410C2A1A4553002D4125 /* libGLTools.a */,
			);
			name = OpenGlShare;
			path = ../../OpenGlShare;
			sourceTree = "<group>";
		};
		047A40FC2A1A4553002D4125 /* include */ = {
			isa = PBXGroup;
			children = (
				047A40FD2A1A4553002D4125 /* GLBatchBase.h */,
				047A40FE2A1A4553002D4125 /* math3d.h */,
				047A40FF2A1A4553002D4125 /* GLTriangleBatch.h */,
				047A41002A1A4553002D4125 /* GLBatch.h */,
				047A41012A1A4553002D4125 /* GLMatrixStack.h */,
				047A41022A1A4553002D4125 /* GLFrame.h */,
				047A41032A1A4553002D4125 /* GLFrustum.h */,
				047A41042A1A4553002D4125 /* GLGeometryTransform.h */,
				047A41052A1A4553002D4125 /* GLShaderManager.h */,
				047A41062A1A4553002D4125 /* StopWatch.h */,
				047A41072A1A4553002D4125 /* GL */,
				047A410B2A1A4553002D4125 /* GLTools.h */,
			);
			path = include;
			sourceTree = "<group>";
		};
		047A41072A1A4553002D4125 /* GL */ = {
			isa = PBXGroup;
			children = (
				047A41082A1A4553002D4125 /* glxew.h */,
				047A41092A1A4553002D4125 /* wglew.h */,
				047A410A2A1A4553002D4125 /* glew.h */,
			);
			path = GL;
			sourceTree = "<group>";
		};
		04981F942A1A443E00F85EC8 = {
			isa = PBXGroup;
			children = (
				04981F9F2A1A443E00F85EC8 /* TestJJCmd */,
				04981F9E2A1A443E00F85EC8 /* Products */,
				04981FBA2A1A447700F85EC8 /* Frameworks */,
			);
			sourceTree = "<group>";
		};
		04981F9E2A1A443E00F85EC8 /* Products */ = {
			isa = PBXGroup;
			children = (
				04981F9D2A1A443E00F85EC8 /* TestJJCmd */,
			);
			name = Products;
			sourceTree = "<group>";
		};
		04981F9F2A1A443E00F85EC8 /* TestJJCmd */ = {
			isa = PBXGroup;
			children = (
				047A40FB2A1A4553002D4125 /* OpenGlShare */,
				04981FA02A1A443E00F85EC8 /* main.cpp */,
			);
			path = TestJJCmd;
			sourceTree = "<group>";
		};
		04981FBA2A1A447700F85EC8 /* Frameworks */ = {
			isa = PBXGroup;
			children = (
				04981FBD2A1A448100F85EC8 /* GLUT.framework */,
				04981FBB2A1A447700F85EC8 /* OpenGL.framework */,
			);
			name = Frameworks;
			sourceTree = "<group>";
		};
/* End PBXGroup section */

/* Begin PBXNativeTarget section */
		04981F9C2A1A443E00F85EC8 /* TestJJCmd */ = {
			isa = PBXNativeTarget;
			buildConfigurationList = 04981FA42A1A443E00F85EC8 /* Build configuration list for PBXNativeTarget "TestJJCmd" */;
			buildPhases = (
				04981F992A1A443E00F85EC8 /* Sources */,
				04981F9A2A1A443E00F85EC8 /* Frameworks */,
				04981F9B2A1A443E00F85EC8 /* CopyFiles */,
			);
			buildRules = (
			);
			dependencies = (
			);
			name = TestJJCmd;
			productName = TestJJCmd;
			productReference = 04981F9D2A1A443E00F85EC8 /* TestJJCmd */;
			productType = "com.apple.product-type.tool";
		};
/* End PBXNativeTarget section */

/* Begin PBXProject section */
		04981F952A1A443E00F85EC8 /* Project object */ = {
			isa = PBXProject;
			attributes = {
				BuildIndependentTargetsInParallel = 1;
				LastUpgradeCheck = 1420;
				TargetAttributes = {
					04981F9C2A1A443E00F85EC8 = {
						CreatedOnToolsVersion = 14.2;
					};
				};
			};
			buildConfigurationList = 04981F982A1A443E00F85EC8 /* Build configuration list for PBXProject "TestJJCmd" */;
			compatibilityVersion = "Xcode 14.0";
			developmentRegion = en;
			hasScannedForEncodings = 0;
			knownRegions = (
				en,
				Base,
			);
			mainGroup = 04981F942A1A443E00F85EC8;
			productRefGroup = 04981F9E2A1A443E00F85EC8 /* Products */;
			projectDirPath = "";
			projectRoot = "";
			targets = (
				04981F9C2A1A443E00F85EC8 /* TestJJCmd */,
			);
		};
/* End PBXProject section */

/* Begin PBXSourcesBuildPhase section */
		04981F992A1A443E00F85EC8 /* Sources */ = {
			isa = PBXSourcesBuildPhase;
			buildActionMask = 2147483647;
			files = (
				04981FA12A1A443E00F85EC8 /* main.cpp in Sources */,
			);
			runOnlyForDeploymentPostprocessing = 0;
		};
/* End PBXSourcesBuildPhase section */

/* Begin XCBuildConfiguration section */
		04981FA22A1A443E00F85EC8 /* Debug */ = {
			isa = XCBuildConfiguration;
			buildSettings = {
				ALWAYS_SEARCH_USER_PATHS = NO;
				CLANG_ANALYZER_NONNULL = YES;
				CLANG_ANALYZER_NUMBER_OBJECT_CONVERSION = YES_AGGRESSIVE;
				CLANG_CXX_LANGUAGE_STANDARD = "gnu++20";
				CLANG_ENABLE_MODULES = YES;
				CLANG_ENABLE_OBJC_ARC = YES;
				CLANG_ENABLE_OBJC_WEAK = YES;
				CLANG_WARN_BLOCK_CAPTURE_AUTORELEASING = YES;
				CLANG_WARN_BOOL_CONVERSION = YES;
				CLANG_WARN_COMMA = YES;
				CLANG_WARN_CONSTANT_CONVERSION = YES;
				CLANG_WARN_DEPRECATED_OBJC_IMPLEMENTATIONS = YES;
				CLANG_WARN_DIRECT_OBJC_ISA_USAGE = YES_ERROR;
				CLANG_WARN_DOCUMENTATION_COMMENTS = YES;
				CLANG_WARN_EMPTY_BODY = YES;
				CLANG_WARN_ENUM_CONVERSION = YES;
				CLANG_WARN_INFINITE_RECURSION = YES;
				CLANG_WARN_INT_CONVERSION = YES;
				CLANG_WARN_NON_LITERAL_NULL_CONVERSION = YES;
				CLANG_WARN_OBJC_IMPLICIT_RETAIN_SELF = YES;
				CLANG_WARN_OBJC_LITERAL_CONVERSION = YES;
				CLANG_WARN_OBJC_ROOT_CLASS = YES_ERROR;
				CLANG_WARN_QUOTED_INCLUDE_IN_FRAMEWORK_HEADER = YES;
				CLANG_WARN_RANGE_LOOP_ANALYSIS = YES;
				CLANG_WARN_STRICT_PROTOTYPES = YES;
				CLANG_WARN_SUSPICIOUS_MOVE = YES;
				CLANG_WARN_UNGUARDED_AVAILABILITY = YES_AGGRESSIVE;
				CLANG_WARN_UNREACHABLE_CODE = YES;
				CLANG_WARN__DUPLICATE_METHOD_MATCH = YES;
				COPY_PHASE_STRIP = NO;
				DEBUG_INFORMATION_FORMAT = dwarf;
				ENABLE_STRICT_OBJC_MSGSEND = YES;
				ENABLE_TESTABILITY = YES;
				GCC_C_LANGUAGE_STANDARD = gnu11;
				GCC_DYNAMIC_NO_PIC = NO;
				GCC_NO_COMMON_BLOCKS = YES;
				GCC_OPTIMIZATION_LEVEL = 0;
				GCC_PREPROCESSOR_DEFINITIONS = (
					"DEBUG=1",
					"$(inherited)",
				);
				GCC_WARN_64_TO_32_BIT_CONVERSION = YES;
				GCC_WARN_ABOUT_RETURN_TYPE = YES_ERROR;
				GCC_WARN_UNDECLARED_SELECTOR = YES;
				GCC_WARN_UNINITIALIZED_AUTOS = YES_AGGRESSIVE;
				GCC_WARN_UNUSED_FUNCTION = YES;
				GCC_WARN_UNUSED_VARIABLE = YES;
				MACOSX_DEPLOYMENT_TARGET = 13.1;
				MTL_ENABLE_DEBUG_INFO = INCLUDE_SOURCE;
				MTL_FAST_MATH = YES;
				ONLY_ACTIVE_ARCH = YES;
				SDKROOT = macosx;
			};
			name = Debug;
		};
		04981FA32A1A443E00F85EC8 /* Release */ = {
			isa = XCBuildConfiguration;
			buildSettings = {
				ALWAYS_SEARCH_USER_PATHS = NO;
				CLANG_ANALYZER_NONNULL = YES;
				CLANG_ANALYZER_NUMBER_OBJECT_CONVERSION = YES_AGGRESSIVE;
				CLANG_CXX_LANGUAGE_STANDARD = "gnu++20";
				CLANG_ENABLE_MODULES = YES;
				CLANG_ENABLE_OBJC_ARC = YES;
				CLANG_ENABLE_OBJC_WEAK = YES;
				CLANG_WARN_BLOCK_CAPTURE_AUTORELEASING = YES;
				CLANG_WARN_BOOL_CONVERSION = YES;
				CLANG_WARN_COMMA = YES;
				CLANG_WARN_CONSTANT_CONVERSION = YES;
				CLANG_WARN_DEPRECATED_OBJC_IMPLEMENTATIONS = YES;
				CLANG_WARN_DIRECT_OBJC_ISA_USAGE = YES_ERROR;
				CLANG_WARN_DOCUMENTATION_COMMENTS = YES;
				CLANG_WARN_EMPTY_BODY = YES;
				CLANG_WARN_ENUM_CONVERSION = YES;
				CLANG_WARN_INFINITE_RECURSION = YES;
				CLANG_WARN_INT_CONVERSION = YES;
				CLANG_WARN_NON_LITERAL_NULL_CONVERSION = YES;
				CLANG_WARN_OBJC_IMPLICIT_RETAIN_SELF = YES;
				CLANG_WARN_OBJC_LITERAL_CONVERSION = YES;
				CLANG_WARN_OBJC_ROOT_CLASS = YES_ERROR;
				CLANG_WARN_QUOTED_INCLUDE_IN_FRAMEWORK_HEADER = YES;
				CLANG_WARN_RANGE_LOOP_ANALYSIS = YES;
				CLANG_WARN_STRICT_PROTOTYPES = YES;
				CLANG_WARN_SUSPICIOUS_MOVE = YES;
				CLANG_WARN_UNGUARDED_AVAILABILITY = YES_AGGRESSIVE;
				CLANG_WARN_UNREACHABLE_CODE = YES;
				CLANG_WARN__DUPLICATE_METHOD_MATCH = YES;
				COPY_PHASE_STRIP = NO;
				DEBUG_INFORMATION_FORMAT = "dwarf-with-dsym";
				ENABLE_NS_ASSERTIONS = NO;
				ENABLE_STRICT_OBJC_MSGSEND = YES;
				GCC_C_LANGUAGE_STANDARD = gnu11;
				GCC_NO_COMMON_BLOCKS = YES;
				GCC_WARN_64_TO_32_BIT_CONVERSION = YES;
				GCC_WARN_ABOUT_RETURN_TYPE = YES_ERROR;
				GCC_WARN_UNDECLARED_SELECTOR = YES;
				GCC_WARN_UNINITIALIZED_AUTOS = YES_AGGRESSIVE;
				GCC_WARN_UNUSED_FUNCTION = YES;
				GCC_WARN_UNUSED_VARIABLE = YES;
				MACOSX_DEPLOYMENT_TARGET = 13.1;
				MTL_ENABLE_DEBUG_INFO = NO;
				MTL_FAST_MATH = YES;
				SDKROOT = macosx;
			};
			name = Release;
		};
		04981FA52A1A443E00F85EC8 /* Debug */ = {
			isa = XCBuildConfiguration;
			buildSettings = {
				CODE_SIGN_STYLE = Automatic;
				DEVELOPMENT_TEAM = 4B2ST463T5;
				ENABLE_HARDENED_RUNTIME = YES;
				HEADER_SEARCH_PATHS = "\"$(SRCROOT)/../OpenGlShare/include\"";
				LIBRARY_SEARCH_PATHS = (
					"$(inherited)",
					"\"$(SRCROOT)/../OpenGlShare\"",
				);
				PRODUCT_NAME = "$(TARGET_NAME)";
			};
			name = Debug;
		};
		04981FA62A1A443E00F85EC8 /* Release */ = {
			isa = XCBuildConfiguration;
			buildSettings = {
				CODE_SIGN_STYLE = Automatic;
				DEVELOPMENT_TEAM = 4B2ST463T5;
				ENABLE_HARDENED_RUNTIME = YES;
				HEADER_SEARCH_PATHS = "\"$(SRCROOT)/../OpenGlShare/include\"";
				LIBRARY_SEARCH_PATHS = (
					"$(inherited)",
					"\"$(SRCROOT)/../OpenGlShare\"",
				);
				PRODUCT_NAME = "$(TARGET_NAME)";
			};
			name = Release;
		};
/* End XCBuildConfiguration section */

/* Begin XCConfigurationList section */
		04981F982A1A443E00F85EC8 /* Build configuration list for PBXProject "TestJJCmd" */ = {
			isa = XCConfigurationList;
			buildConfigurations = (
				04981FA22A1A443E00F85EC8 /* Debug */,
				04981FA32A1A443E00F85EC8 /* Release */,
			);
			defaultConfigurationIsVisible = 0;
			defaultConfigurationName = Release;
		};
		04981FA42A1A443E00F85EC8 /* Build configuration list for PBXNativeTarget "TestJJCmd" */ = {
			isa = XCConfigurationList;
			buildConfigurations = (
				04981FA52A1A443E00F85EC8 /* Debug */,
				04981FA62A1A443E00F85EC8 /* Release */,
			);
			defaultConfigurationIsVisible = 0;
			defaultConfigurationName = Release;
		};
/* End XCConfigurationList section */
	};
	rootObject = 04981F952A1A443E00F85EC8 /* Project object */;
}
