// !$*UTF8*$!
{
	archiveVersion = 1;
	classes = {
	};
	objectVersion = 56;
	objects = {

/* Begin PBXBuildFile section */
		04981F4D2A1A046600F85EC8 /* AppDelegate.m in Sources */ = {isa = PBXBuildFile; fileRef = 04981F4C2A1A046600F85EC8 /* AppDelegate.m */; };
		04981F502A1A046600F85EC8 /* ViewController.m in Sources */ = {isa = PBXBuildFile; fileRef = 04981F4F2A1A046600F85EC8 /* ViewController.m */; };
		04981F522A1A046800F85EC8 /* Assets.xcassets in Resources */ = {isa = PBXBuildFile; fileRef = 04981F512A1A046800F85EC8 /* Assets.xcassets */; };
		04981F552A1A046800F85EC8 /* Main.storyboard in Resources */ = {isa = PBXBuildFile; fileRef = 04981F532A1A046800F85EC8 /* Main.storyboard */; };
		04981F622A1A046900F85EC8 /* OpenGLTestTests.m in Sources */ = {isa = PBXBuildFile; fileRef = 04981F612A1A046900F85EC8 /* OpenGLTestTests.m */; };
		04981F6C2A1A046900F85EC8 /* OpenGLTestUITests.m in Sources */ = {isa = PBXBuildFile; fileRef = 04981F6B2A1A046900F85EC8 /* OpenGLTestUITests.m */; };
		04981F6E2A1A046900F85EC8 /* OpenGLTestUITestsLaunchTests.m in Sources */ = {isa = PBXBuildFile; fileRef = 04981F6D2A1A046900F85EC8 /* OpenGLTestUITestsLaunchTests.m */; };
		04981F7C2A1A04AC00F85EC8 /* OpenGL.framework in Frameworks */ = {isa = PBXBuildFile; fileRef = 04981F7B2A1A04AC00F85EC8 /* OpenGL.framework */; };
		04981F7E2A1A04B800F85EC8 /* GLUT.framework in Frameworks */ = {isa = PBXBuildFile; fileRef = 04981F7D2A1A04B800F85EC8 /* GLUT.framework */; };
		04981F912A1A04D500F85EC8 /* libGLTools.a in Frameworks */ = {isa = PBXBuildFile; fileRef = 04981F902A1A04D500F85EC8 /* libGLTools.a */; };
		04981F932A1A053200F85EC8 /* main.cpp in Sources */ = {isa = PBXBuildFile; fileRef = 04981F922A1A053200F85EC8 /* main.cpp */; };
/* End PBXBuildFile section */

/* Begin PBXContainerItemProxy section */
		04981F5E2A1A046900F85EC8 /* PBXContainerItemProxy */ = {
			isa = PBXContainerItemProxy;
			containerPortal = 04981F402A1A046600F85EC8 /* Project object */;
			proxyType = 1;
			remoteGlobalIDString = 04981F472A1A046600F85EC8;
			remoteInfo = OpenGLTest;
		};
		04981F682A1A046900F85EC8 /* PBXContainerItemProxy */ = {
			isa = PBXContainerItemProxy;
			containerPortal = 04981F402A1A046600F85EC8 /* Project object */;
			proxyType = 1;
			remoteGlobalIDString = 04981F472A1A046600F85EC8;
			remoteInfo = OpenGLTest;
		};
/* End PBXContainerItemProxy section */

/* Begin PBXFileReference section */
		04981F482A1A046600F85EC8 /* OpenGLTest.app */ = {isa = PBXFileReference; explicitFileType = wrapper.application; includeInIndex = 0; path = OpenGLTest.app; sourceTree = BUILT_PRODUCTS_DIR; };
		04981F4B2A1A046600F85EC8 /* AppDelegate.h */ = {isa = PBXFileReference; lastKnownFileType = sourcecode.c.h; path = AppDelegate.h; sourceTree = "<group>"; };
		04981F4C2A1A046600F85EC8 /* AppDelegate.m */ = {isa = PBXFileReference; lastKnownFileType = sourcecode.c.objc; path = AppDelegate.m; sourceTree = "<group>"; };
		04981F4E2A1A046600F85EC8 /* ViewController.h */ = {isa = PBXFileReference; lastKnownFileType = sourcecode.c.h; path = ViewController.h; sourceTree = "<group>"; };
		04981F4F2A1A046600F85EC8 /* ViewController.m */ = {isa = PBXFileReference; lastKnownFileType = sourcecode.c.objc; path = ViewController.m; sourceTree = "<group>"; };
		04981F512A1A046800F85EC8 /* Assets.xcassets */ = {isa = PBXFileReference; lastKnownFileType = folder.assetcatalog; path = Assets.xcassets; sourceTree = "<group>"; };
		04981F542A1A046800F85EC8 /* Base */ = {isa = PBXFileReference; lastKnownFileType = file.storyboard; name = Base; path = Base.lproj/Main.storyboard; sourceTree = "<group>"; };
		04981F582A1A046800F85EC8 /* OpenGLTest.entitlements */ = {isa = PBXFileReference; lastKnownFileType = text.plist.entitlements; path = OpenGLTest.entitlements; sourceTree = "<group>"; };
		04981F5D2A1A046900F85EC8 /* OpenGLTestTests.xctest */ = {isa = PBXFileReference; explicitFileType = wrapper.cfbundle; includeInIndex = 0; path = OpenGLTestTests.xctest; sourceTree = BUILT_PRODUCTS_DIR; };
		04981F612A1A046900F85EC8 /* OpenGLTestTests.m */ = {isa = PBXFileReference; lastKnownFileType = sourcecode.c.objc; path = OpenGLTestTests.m; sourceTree = "<group>"; };
		04981F672A1A046900F85EC8 /* OpenGLTestUITests.xctest */ = {isa = PBXFileReference; explicitFileType = wrapper.cfbundle; includeInIndex = 0; path = OpenGLTestUITests.xctest; sourceTree = BUILT_PRODUCTS_DIR; };
		04981F6B2A1A046900F85EC8 /* OpenGLTestUITests.m */ = {isa = PBXFileReference; lastKnownFileType = sourcecode.c.objc; path = OpenGLTestUITests.m; sourceTree = "<group>"; };
		04981F6D2A1A046900F85EC8 /* OpenGLTestUITestsLaunchTests.m */ = {isa = PBXFileReference; lastKnownFileType = sourcecode.c.objc; path = OpenGLTestUITestsLaunchTests.m; sourceTree = "<group>"; };
		04981F7B2A1A04AC00F85EC8 /* OpenGL.framework */ = {isa = PBXFileReference; lastKnownFileType = wrapper.framework; name = OpenGL.framework; path = System/Library/Frameworks/OpenGL.framework; sourceTree = SDKROOT; };
		04981F7D2A1A04B800F85EC8 /* GLUT.framework */ = {isa = PBXFileReference; lastKnownFileType = wrapper.framework; name = GLUT.framework; path = System/Library/Frameworks/GLUT.framework; sourceTree = SDKROOT; };
		04981F812A1A04D500F85EC8 /* GLBatchBase.h */ = {isa = PBXFileReference; fileEncoding = 4; lastKnownFileType = sourcecode.c.h; path = GLBatchBase.h; sourceTree = "<group>"; };
		04981F822A1A04D500F85EC8 /* math3d.h */ = {isa = PBXFileReference; fileEncoding = 4; lastKnownFileType = sourcecode.c.h; path = math3d.h; sourceTree = "<group>"; };
		04981F832A1A04D500F85EC8 /* GLTriangleBatch.h */ = {isa = PBXFileReference; fileEncoding = 4; lastKnownFileType = sourcecode.c.h; path = GLTriangleBatch.h; sourceTree = "<group>"; };
		04981F842A1A04D500F85EC8 /* GLBatch.h */ = {isa = PBXFileReference; fileEncoding = 4; lastKnownFileType = sourcecode.c.h; path = GLBatch.h; sourceTree = "<group>"; };
		04981F852A1A04D500F85EC8 /* GLMatrixStack.h */ = {isa = PBXFileReference; fileEncoding = 4; lastKnownFileType = sourcecode.c.h; path = GLMatrixStack.h; sourceTree = "<group>"; };
		04981F862A1A04D500F85EC8 /* GLFrame.h */ = {isa = PBXFileReference; fileEncoding = 4; lastKnownFileType = sourcecode.c.h; path = GLFrame.h; sourceTree = "<group>"; };
		04981F872A1A04D500F85EC8 /* GLFrustum.h */ = {isa = PBXFileReference; fileEncoding = 4; lastKnownFileType = sourcecode.c.h; path = GLFrustum.h; sourceTree = "<group>"; };
		04981F882A1A04D500F85EC8 /* GLGeometryTransform.h */ = {isa = PBXFileReference; fileEncoding = 4; lastKnownFileType = sourcecode.c.h; path = GLGeometryTransform.h; sourceTree = "<group>"; };
		04981F892A1A04D500F85EC8 /* GLShaderManager.h */ = {isa = PBXFileReference; fileEncoding = 4; lastKnownFileType = sourcecode.c.h; path = GLShaderManager.h; sourceTree = "<group>"; };
		04981F8A2A1A04D500F85EC8 /* StopWatch.h */ = {isa = PBXFileReference; fileEncoding = 4; lastKnownFileType = sourcecode.c.h; path = StopWatch.h; sourceTree = "<group>"; };
		04981F8C2A1A04D500F85EC8 /* glxew.h */ = {isa = PBXFileReference; fileEncoding = 4; lastKnownFileType = sourcecode.c.h; path = glxew.h; sourceTree = "<group>"; };
		04981F8D2A1A04D500F85EC8 /* wglew.h */ = {isa = PBXFileReference; fileEncoding = 4; lastKnownFileType = sourcecode.c.h; path = wglew.h; sourceTree = "<group>"; };
		04981F8E2A1A04D500F85EC8 /* glew.h */ = {isa = PBXFileReference; fileEncoding = 4; lastKnownFileType = sourcecode.c.h; path = glew.h; sourceTree = "<group>"; };
		04981F8F2A1A04D500F85EC8 /* GLTools.h */ = {isa = PBXFileReference; fileEncoding = 4; lastKnownFileType = sourcecode.c.h; path = GLTools.h; sourceTree = "<group>"; };
		04981F902A1A04D500F85EC8 /* libGLTools.a */ = {isa = PBXFileReference; lastKnownFileType = archive.ar; path = libGLTools.a; sourceTree = "<group>"; };
		04981F922A1A053200F85EC8 /* main.cpp */ = {isa = PBXFileReference; lastKnownFileType = sourcecode.cpp.cpp; path = main.cpp; sourceTree = "<group>"; };
/* End PBXFileReference section */

/* Begin PBXFrameworksBuildPhase section */
		04981F452A1A046600F85EC8 /* Frameworks */ = {
			isa = PBXFrameworksBuildPhase;
			buildActionMask = 2147483647;
			files = (
				04981F912A1A04D500F85EC8 /* libGLTools.a in Frameworks */,
				04981F7E2A1A04B800F85EC8 /* GLUT.framework in Frameworks */,
				04981F7C2A1A04AC00F85EC8 /* OpenGL.framework in Frameworks */,
			);
			runOnlyForDeploymentPostprocessing = 0;
		};
		04981F5A2A1A046900F85EC8 /* Frameworks */ = {
			isa = PBXFrameworksBuildPhase;
			buildActionMask = 2147483647;
			files = (
			);
			runOnlyForDeploymentPostprocessing = 0;
		};
		04981F642A1A046900F85EC8 /* Frameworks */ = {
			isa = PBXFrameworksBuildPhase;
			buildActionMask = 2147483647;
			files = (
			);
			runOnlyForDeploymentPostprocessing = 0;
		};
/* End PBXFrameworksBuildPhase section */

/* Begin PBXGroup section */
		04981F3F2A1A046600F85EC8 = {
			isa = PBXGroup;
			children = (
				04981F4A2A1A046600F85EC8 /* OpenGLTest */,
				04981F602A1A046900F85EC8 /* OpenGLTestTests */,
				04981F6A2A1A046900F85EC8 /* OpenGLTestUITests */,
				04981F492A1A046600F85EC8 /* Products */,
				04981F7A2A1A04AC00F85EC8 /* Frameworks */,
			);
			sourceTree = "<group>";
		};
		04981F492A1A046600F85EC8 /* Products */ = {
			isa = PBXGroup;
			children = (
				04981F482A1A046600F85EC8 /* OpenGLTest.app */,
				04981F5D2A1A046900F85EC8 /* OpenGLTestTests.xctest */,
				04981F672A1A046900F85EC8 /* OpenGLTestUITests.xctest */,
			);
			name = Products;
			sourceTree = "<group>";
		};
		04981F4A2A1A046600F85EC8 /* OpenGLTest */ = {
			isa = PBXGroup;
			children = (
				04981F7F2A1A04D500F85EC8 /* OpenGlShare */,
				04981F4B2A1A046600F85EC8 /* AppDelegate.h */,
				04981F4C2A1A046600F85EC8 /* AppDelegate.m */,
				04981F4E2A1A046600F85EC8 /* ViewController.h */,
				04981F4F2A1A046600F85EC8 /* ViewController.m */,
				04981F512A1A046800F85EC8 /* Assets.xcassets */,
				04981F532A1A046800F85EC8 /* Main.storyboard */,
				04981F582A1A046800F85EC8 /* OpenGLTest.entitlements */,
				04981F922A1A053200F85EC8 /* main.cpp */,
			);
			path = OpenGLTest;
			sourceTree = "<group>";
		};
		04981F602A1A046900F85EC8 /* OpenGLTestTests */ = {
			isa = PBXGroup;
			children = (
				04981F612A1A046900F85EC8 /* OpenGLTestTests.m */,
			);
			path = OpenGLTestTests;
			sourceTree = "<group>";
		};
		04981F6A2A1A046900F85EC8 /* OpenGLTestUITests */ = {
			isa = PBXGroup;
			children = (
				04981F6B2A1A046900F85EC8 /* OpenGLTestUITests.m */,
				04981F6D2A1A046900F85EC8 /* OpenGLTestUITestsLaunchTests.m */,
			);
			path = OpenGLTestUITests;
			sourceTree = "<group>";
		};
		04981F7A2A1A04AC00F85EC8 /* Frameworks */ = {
			isa = PBXGroup;
			children = (
				04981F7D2A1A04B800F85EC8 /* GLUT.framework */,
				04981F7B2A1A04AC00F85EC8 /* OpenGL.framework */,
			);
			name = Frameworks;
			sourceTree = "<group>";
		};
		04981F7F2A1A04D500F85EC8 /* OpenGlShare */ = {
			isa = PBXGroup;
			children = (
				04981F802A1A04D500F85EC8 /* include */,
				04981F902A1A04D500F85EC8 /* libGLTools.a */,
			);
			path = OpenGlShare;
			sourceTree = "<group>";
		};
		04981F802A1A04D500F85EC8 /* include */ = {
			isa = PBXGroup;
			children = (
				04981F812A1A04D500F85EC8 /* GLBatchBase.h */,
				04981F822A1A04D500F85EC8 /* math3d.h */,
				04981F832A1A04D500F85EC8 /* GLTriangleBatch.h */,
				04981F842A1A04D500F85EC8 /* GLBatch.h */,
				04981F852A1A04D500F85EC8 /* GLMatrixStack.h */,
				04981F862A1A04D500F85EC8 /* GLFrame.h */,
				04981F872A1A04D500F85EC8 /* GLFrustum.h */,
				04981F882A1A04D500F85EC8 /* GLGeometryTransform.h */,
				04981F892A1A04D500F85EC8 /* GLShaderManager.h */,
				04981F8A2A1A04D500F85EC8 /* StopWatch.h */,
				04981F8B2A1A04D500F85EC8 /* GL */,
				04981F8F2A1A04D500F85EC8 /* GLTools.h */,
			);
			path = include;
			sourceTree = "<group>";
		};
		04981F8B2A1A04D500F85EC8 /* GL */ = {
			isa = PBXGroup;
			children = (
				04981F8C2A1A04D500F85EC8 /* glxew.h */,
				04981F8D2A1A04D500F85EC8 /* wglew.h */,
				04981F8E2A1A04D500F85EC8 /* glew.h */,
			);
			path = GL;
			sourceTree = "<group>";
		};
/* End PBXGroup section */

/* Begin PBXNativeTarget section */
		04981F472A1A046600F85EC8 /* OpenGLTest */ = {
			isa = PBXNativeTarget;
			buildConfigurationList = 04981F712A1A046900F85EC8 /* Build configuration list for PBXNativeTarget "OpenGLTest" */;
			buildPhases = (
				04981F442A1A046600F85EC8 /* Sources */,
				04981F452A1A046600F85EC8 /* Frameworks */,
				04981F462A1A046600F85EC8 /* Resources */,
			);
			buildRules = (
			);
			dependencies = (
			);
			name = OpenGLTest;
			productName = OpenGLTest;
			productReference = 04981F482A1A046600F85EC8 /* OpenGLTest.app */;
			productType = "com.apple.product-type.application";
		};
		04981F5C2A1A046900F85EC8 /* OpenGLTestTests */ = {
			isa = PBXNativeTarget;
			buildConfigurationList = 04981F742A1A046900F85EC8 /* Build configuration list for PBXNativeTarget "OpenGLTestTests" */;
			buildPhases = (
				04981F592A1A046900F85EC8 /* Sources */,
				04981F5A2A1A046900F85EC8 /* Frameworks */,
				04981F5B2A1A046900F85EC8 /* Resources */,
			);
			buildRules = (
			);
			dependencies = (
				04981F5F2A1A046900F85EC8 /* PBXTargetDependency */,
			);
			name = OpenGLTestTests;
			productName = OpenGLTestTests;
			productReference = 04981F5D2A1A046900F85EC8 /* OpenGLTestTests.xctest */;
			productType = "com.apple.product-type.bundle.unit-test";
		};
		04981F662A1A046900F85EC8 /* OpenGLTestUITests */ = {
			isa = PBXNativeTarget;
			buildConfigurationList = 04981F772A1A046900F85EC8 /* Build configuration list for PBXNativeTarget "OpenGLTestUITests" */;
			buildPhases = (
				04981F632A1A046900F85EC8 /* Sources */,
				04981F642A1A046900F85EC8 /* Frameworks */,
				04981F652A1A046900F85EC8 /* Resources */,
			);
			buildRules = (
			);
			dependencies = (
				04981F692A1A046900F85EC8 /* PBXTargetDependency */,
			);
			name = OpenGLTestUITests;
			productName = OpenGLTestUITests;
			productReference = 04981F672A1A046900F85EC8 /* OpenGLTestUITests.xctest */;
			productType = "com.apple.product-type.bundle.ui-testing";
		};
/* End PBXNativeTarget section */

/* Begin PBXProject section */
		04981F402A1A046600F85EC8 /* Project object */ = {
			isa = PBXProject;
			attributes = {
				BuildIndependentTargetsInParallel = 1;
				LastUpgradeCheck = 1420;
				TargetAttributes = {
					04981F472A1A046600F85EC8 = {
						CreatedOnToolsVersion = 14.2;
					};
					04981F5C2A1A046900F85EC8 = {
						CreatedOnToolsVersion = 14.2;
						TestTargetID = 04981F472A1A046600F85EC8;
					};
					04981F662A1A046900F85EC8 = {
						CreatedOnToolsVersion = 14.2;
						TestTargetID = 04981F472A1A046600F85EC8;
					};
				};
			};
			buildConfigurationList = 04981F432A1A046600F85EC8 /* Build configuration list for PBXProject "OpenGLTest" */;
			compatibilityVersion = "Xcode 14.0";
			developmentRegion = en;
			hasScannedForEncodings = 0;
			knownRegions = (
				en,
				Base,
			);
			mainGroup = 04981F3F2A1A046600F85EC8;
			productRefGroup = 04981F492A1A046600F85EC8 /* Products */;
			projectDirPath = "";
			projectRoot = "";
			targets = (
				04981F472A1A046600F85EC8 /* OpenGLTest */,
				04981F5C2A1A046900F85EC8 /* OpenGLTestTests */,
				04981F662A1A046900F85EC8 /* OpenGLTestUITests */,
			);
		};
/* End PBXProject section */

/* Begin PBXResourcesBuildPhase section */
		04981F462A1A046600F85EC8 /* Resources */ = {
			isa = PBXResourcesBuildPhase;
			buildActionMask = 2147483647;
			files = (
				04981F522A1A046800F85EC8 /* Assets.xcassets in Resources */,
				04981F552A1A046800F85EC8 /* Main.storyboard in Resources */,
			);
			runOnlyForDeploymentPostprocessing = 0;
		};
		04981F5B2A1A046900F85EC8 /* Resources */ = {
			isa = PBXResourcesBuildPhase;
			buildActionMask = 2147483647;
			files = (
			);
			runOnlyForDeploymentPostprocessing = 0;
		};
		04981F652A1A046900F85EC8 /* Resources */ = {
			isa = PBXResourcesBuildPhase;
			buildActionMask = 2147483647;
			files = (
			);
			runOnlyForDeploymentPostprocessing = 0;
		};
/* End PBXResourcesBuildPhase section */

/* Begin PBXSourcesBuildPhase section */
		04981F442A1A046600F85EC8 /* Sources */ = {
			isa = PBXSourcesBuildPhase;
			buildActionMask = 2147483647;
			files = (
				04981F502A1A046600F85EC8 /* ViewController.m in Sources */,
				04981F4D2A1A046600F85EC8 /* AppDelegate.m in Sources */,
				04981F932A1A053200F85EC8 /* main.cpp in Sources */,
			);
			runOnlyForDeploymentPostprocessing = 0;
		};
		04981F592A1A046900F85EC8 /* Sources */ = {
			isa = PBXSourcesBuildPhase;
			buildActionMask = 2147483647;
			files = (
				04981F622A1A046900F85EC8 /* OpenGLTestTests.m in Sources */,
			);
			runOnlyForDeploymentPostprocessing = 0;
		};
		04981F632A1A046900F85EC8 /* Sources */ = {
			isa = PBXSourcesBuildPhase;
			buildActionMask = 2147483647;
			files = (
				04981F6C2A1A046900F85EC8 /* OpenGLTestUITests.m in Sources */,
				04981F6E2A1A046900F85EC8 /* OpenGLTestUITestsLaunchTests.m in Sources */,
			);
			runOnlyForDeploymentPostprocessing = 0;
		};
/* End PBXSourcesBuildPhase section */

/* Begin PBXTargetDependency section */
		04981F5F2A1A046900F85EC8 /* PBXTargetDependency */ = {
			isa = PBXTargetDependency;
			target = 04981F472A1A046600F85EC8 /* OpenGLTest */;
			targetProxy = 04981F5E2A1A046900F85EC8 /* PBXContainerItemProxy */;
		};
		04981F692A1A046900F85EC8 /* PBXTargetDependency */ = {
			isa = PBXTargetDependency;
			target = 04981F472A1A046600F85EC8 /* OpenGLTest */;
			targetProxy = 04981F682A1A046900F85EC8 /* PBXContainerItemProxy */;
		};
/* End PBXTargetDependency section */

/* Begin PBXVariantGroup section */
		04981F532A1A046800F85EC8 /* Main.storyboard */ = {
			isa = PBXVariantGroup;
			children = (
				04981F542A1A046800F85EC8 /* Base */,
			);
			name = Main.storyboard;
			sourceTree = "<group>";
		};
/* End PBXVariantGroup section */

/* Begin XCBuildConfiguration section */
		04981F6F2A1A046900F85EC8 /* Debug */ = {
			isa = XCBuildConfiguration;
			buildSettings = {
				ALWAYS_SEARCH_USER_PATHS = NO;
				CLANG_ANALYZER_NONNULL = YES;
				CLANG_ANALYZER_NUMBER_OBJECT_CONVERSION = YES_AGGRESSIVE;
				CLANG_CXX_LANGUAGE_STANDARD = "gnu++20";
				CLANG_ENABLE_MODULES = YES;
				CLANG_ENABLE_OBJC_ARC = YES;
				CLANG_ENABLE_OBJC_WEAK = YES;
				CLANG_WARN_BLOCK_CAPTURE_AUTORELEASING = YES;
				CLANG_WARN_BOOL_CONVERSION = YES;
				CLANG_WARN_COMMA = YES;
				CLANG_WARN_CONSTANT_CONVERSION = YES;
				CLANG_WARN_DEPRECATED_OBJC_IMPLEMENTATIONS = YES;
				CLANG_WARN_DIRECT_OBJC_ISA_USAGE = YES_ERROR;
				CLANG_WARN_DOCUMENTATION_COMMENTS = YES;
				CLANG_WARN_EMPTY_BODY = YES;
				CLANG_WARN_ENUM_CONVERSION = YES;
				CLANG_WARN_INFINITE_RECURSION = YES;
				CLANG_WARN_INT_CONVERSION = YES;
				CLANG_WARN_NON_LITERAL_NULL_CONVERSION = YES;
				CLANG_WARN_OBJC_IMPLICIT_RETAIN_SELF = YES;
				CLANG_WARN_OBJC_LITERAL_CONVERSION = YES;
				CLANG_WARN_OBJC_ROOT_CLASS = YES_ERROR;
				CLANG_WARN_QUOTED_INCLUDE_IN_FRAMEWORK_HEADER = YES;
				CLANG_WARN_RANGE_LOOP_ANALYSIS = YES;
				CLANG_WARN_STRICT_PROTOTYPES = YES;
				CLANG_WARN_SUSPICIOUS_MOVE = YES;
				CLANG_WARN_UNGUARDED_AVAILABILITY = YES_AGGRESSIVE;
				CLANG_WARN_UNREACHABLE_CODE = YES;
				CLANG_WARN__DUPLICATE_METHOD_MATCH = YES;
				COPY_PHASE_STRIP = NO;
				DEBUG_INFORMATION_FORMAT = dwarf;
				ENABLE_STRICT_OBJC_MSGSEND = YES;
				ENABLE_TESTABILITY = YES;
				GCC_C_LANGUAGE_STANDARD = gnu11;
				GCC_DYNAMIC_NO_PIC = NO;
				GCC_NO_COMMON_BLOCKS = YES;
				GCC_OPTIMIZATION_LEVEL = 0;
				GCC_PREPROCESSOR_DEFINITIONS = (
					"DEBUG=1",
					"$(inherited)",
				);
				GCC_WARN_64_TO_32_BIT_CONVERSION = YES;
				GCC_WARN_ABOUT_RETURN_TYPE = YES_ERROR;
				GCC_WARN_UNDECLARED_SELECTOR = YES;
				GCC_WARN_UNINITIALIZED_AUTOS = YES_AGGRESSIVE;
				GCC_WARN_UNUSED_FUNCTION = YES;
				GCC_WARN_UNUSED_VARIABLE = YES;
				MACOSX_DEPLOYMENT_TARGET = 13.1;
				MTL_ENABLE_DEBUG_INFO = INCLUDE_SOURCE;
				MTL_FAST_MATH = YES;
				ONLY_ACTIVE_ARCH = YES;
				SDKROOT = macosx;
			};
			name = Debug;
		};
		04981F702A1A046900F85EC8 /* Release */ = {
			isa = XCBuildConfiguration;
			buildSettings = {
				ALWAYS_SEARCH_USER_PATHS = NO;
				CLANG_ANALYZER_NONNULL = YES;
				CLANG_ANALYZER_NUMBER_OBJECT_CONVERSION = YES_AGGRESSIVE;
				CLANG_CXX_LANGUAGE_STANDARD = "gnu++20";
				CLANG_ENABLE_MODULES = YES;
				CLANG_ENABLE_OBJC_ARC = YES;
				CLANG_ENABLE_OBJC_WEAK = YES;
				CLANG_WARN_BLOCK_CAPTURE_AUTORELEASING = YES;
				CLANG_WARN_BOOL_CONVERSION = YES;
				CLANG_WARN_COMMA = YES;
				CLANG_WARN_CONSTANT_CONVERSION = YES;
				CLANG_WARN_DEPRECATED_OBJC_IMPLEMENTATIONS = YES;
				CLANG_WARN_DIRECT_OBJC_ISA_USAGE = YES_ERROR;
				CLANG_WARN_DOCUMENTATION_COMMENTS = YES;
				CLANG_WARN_EMPTY_BODY = YES;
				CLANG_WARN_ENUM_CONVERSION = YES;
				CLANG_WARN_INFINITE_RECURSION = YES;
				CLANG_WARN_INT_CONVERSION = YES;
				CLANG_WARN_NON_LITERAL_NULL_CONVERSION = YES;
				CLANG_WARN_OBJC_IMPLICIT_RETAIN_SELF = YES;
				CLANG_WARN_OBJC_LITERAL_CONVERSION = YES;
				CLANG_WARN_OBJC_ROOT_CLASS = YES_ERROR;
				CLANG_WARN_QUOTED_INCLUDE_IN_FRAMEWORK_HEADER = YES;
				CLANG_WARN_RANGE_LOOP_ANALYSIS = YES;
				CLANG_WARN_STRICT_PROTOTYPES = YES;
				CLANG_WARN_SUSPICIOUS_MOVE = YES;
				CLANG_WARN_UNGUARDED_AVAILABILITY = YES_AGGRESSIVE;
				CLANG_WARN_UNREACHABLE_CODE = YES;
				CLANG_WARN__DUPLICATE_METHOD_MATCH = YES;
				COPY_PHASE_STRIP = NO;
				DEBUG_INFORMATION_FORMAT = "dwarf-with-dsym";
				ENABLE_NS_ASSERTIONS = NO;
				ENABLE_STRICT_OBJC_MSGSEND = YES;
				GCC_C_LANGUAGE_STANDARD = gnu11;
				GCC_NO_COMMON_BLOCKS = YES;
				GCC_WARN_64_TO_32_BIT_CONVERSION = YES;
				GCC_WARN_ABOUT_RETURN_TYPE = YES_ERROR;
				GCC_WARN_UNDECLARED_SELECTOR = YES;
				GCC_WARN_UNINITIALIZED_AUTOS = YES_AGGRESSIVE;
				GCC_WARN_UNUSED_FUNCTION = YES;
				GCC_WARN_UNUSED_VARIABLE = YES;
				MACOSX_DEPLOYMENT_TARGET = 13.1;
				MTL_ENABLE_DEBUG_INFO = NO;
				MTL_FAST_MATH = YES;
				SDKROOT = macosx;
			};
			name = Release;
		};
		04981F722A1A046900F85EC8 /* Debug */ = {
			isa = XCBuildConfiguration;
			buildSettings = {
				ASSETCATALOG_COMPILER_APPICON_NAME = AppIcon;
				ASSETCATALOG_COMPILER_GLOBAL_ACCENT_COLOR_NAME = AccentColor;
				CODE_SIGN_ENTITLEMENTS = OpenGLTest/OpenGLTest.entitlements;
				CODE_SIGN_STYLE = Automatic;
				COMBINE_HIDPI_IMAGES = YES;
				CURRENT_PROJECT_VERSION = 1;
				DEVELOPMENT_TEAM = 4B2ST463T5;
				ENABLE_HARDENED_RUNTIME = YES;
				GENERATE_INFOPLIST_FILE = YES;
				HEADER_SEARCH_PATHS = "\"$(SRCROOT)/OpenGLTest/OpenGlShare/include\"";
				INFOPLIST_KEY_NSHumanReadableCopyright = "";
				INFOPLIST_KEY_NSMainStoryboardFile = Main;
				INFOPLIST_KEY_NSPrincipalClass = NSApplication;
				LD_RUNPATH_SEARCH_PATHS = (
					"$(inherited)",
					"@executable_path/../Frameworks",
				);
				LIBRARY_SEARCH_PATHS = (
					"$(inherited)",
					"\"$(SRCROOT)/OpenGLTest/OpenGlShare\"",
				);
				MARKETING_VERSION = 1.0;
				PRODUCT_BUNDLE_IDENTIFIER = com.shuhui.OpenGLTest;
				PRODUCT_NAME = "$(TARGET_NAME)";
				SWIFT_EMIT_LOC_STRINGS = YES;
			};
			name = Debug;
		};
		04981F732A1A046900F85EC8 /* Release */ = {
			isa = XCBuildConfiguration;
			buildSettings = {
				ASSETCATALOG_COMPILER_APPICON_NAME = AppIcon;
				ASSETCATALOG_COMPILER_GLOBAL_ACCENT_COLOR_NAME = AccentColor;
				CODE_SIGN_ENTITLEMENTS = OpenGLTest/OpenGLTest.entitlements;
				CODE_SIGN_STYLE = Automatic;
				COMBINE_HIDPI_IMAGES = YES;
				CURRENT_PROJECT_VERSION = 1;
				DEVELOPMENT_TEAM = 4B2ST463T5;
				ENABLE_HARDENED_RUNTIME = YES;
				GENERATE_INFOPLIST_FILE = YES;
				HEADER_SEARCH_PATHS = "\"$(SRCROOT)/OpenGLTest/OpenGlShare/include\"";
				INFOPLIST_KEY_NSHumanReadableCopyright = "";
				INFOPLIST_KEY_NSMainStoryboardFile = Main;
				INFOPLIST_KEY_NSPrincipalClass = NSApplication;
				LD_RUNPATH_SEARCH_PATHS = (
					"$(inherited)",
					"@executable_path/../Frameworks",
				);
				LIBRARY_SEARCH_PATHS = (
					"$(inherited)",
					"\"$(SRCROOT)/OpenGLTest/OpenGlShare\"",
				);
				MARKETING_VERSION = 1.0;
				PRODUCT_BUNDLE_IDENTIFIER = com.shuhui.OpenGLTest;
				PRODUCT_NAME = "$(TARGET_NAME)";
				SWIFT_EMIT_LOC_STRINGS = YES;
			};
			name = Release;
		};
		04981F752A1A046900F85EC8 /* Debug */ = {
			isa = XCBuildConfiguration;
			buildSettings = {
				BUNDLE_LOADER = "$(TEST_HOST)";
				CODE_SIGN_STYLE = Automatic;
				CURRENT_PROJECT_VERSION = 1;
				DEVELOPMENT_TEAM = 4B2ST463T5;
				GENERATE_INFOPLIST_FILE = YES;
				MACOSX_DEPLOYMENT_TARGET = 13.1;
				MARKETING_VERSION = 1.0;
				PRODUCT_BUNDLE_IDENTIFIER = com.shuhui.OpenGLTestTests;
				PRODUCT_NAME = "$(TARGET_NAME)";
				SWIFT_EMIT_LOC_STRINGS = NO;
				TEST_HOST = "$(BUILT_PRODUCTS_DIR)/OpenGLTest.app/$(BUNDLE_EXECUTABLE_FOLDER_PATH)/OpenGLTest";
			};
			name = Debug;
		};
		04981F762A1A046900F85EC8 /* Release */ = {
			isa = XCBuildConfiguration;
			buildSettings = {
				BUNDLE_LOADER = "$(TEST_HOST)";
				CODE_SIGN_STYLE = Automatic;
				CURRENT_PROJECT_VERSION = 1;
				DEVELOPMENT_TEAM = 4B2ST463T5;
				GENERATE_INFOPLIST_FILE = YES;
				MACOSX_DEPLOYMENT_TARGET = 13.1;
				MARKETING_VERSION = 1.0;
				PRODUCT_BUNDLE_IDENTIFIER = com.shuhui.OpenGLTestTests;
				PRODUCT_NAME = "$(TARGET_NAME)";
				SWIFT_EMIT_LOC_STRINGS = NO;
				TEST_HOST = "$(BUILT_PRODUCTS_DIR)/OpenGLTest.app/$(BUNDLE_EXECUTABLE_FOLDER_PATH)/OpenGLTest";
			};
			name = Release;
		};
		04981F782A1A046900F85EC8 /* Debug */ = {
			isa = XCBuildConfiguration;
			buildSettings = {
				CODE_SIGN_STYLE = Automatic;
				CURRENT_PROJECT_VERSION = 1;
				DEVELOPMENT_TEAM = 4B2ST463T5;
				GENERATE_INFOPLIST_FILE = YES;
				MARKETING_VERSION = 1.0;
				PRODUCT_BUNDLE_IDENTIFIER = com.shuhui.OpenGLTestUITests;
				PRODUCT_NAME = "$(TARGET_NAME)";
				SWIFT_EMIT_LOC_STRINGS = NO;
				TEST_TARGET_NAME = OpenGLTest;
			};
			name = Debug;
		};
		04981F792A1A046900F85EC8 /* Release */ = {
			isa = XCBuildConfiguration;
			buildSettings = {
				CODE_SIGN_STYLE = Automatic;
				CURRENT_PROJECT_VERSION = 1;
				DEVELOPMENT_TEAM = 4B2ST463T5;
				GENERATE_INFOPLIST_FILE = YES;
				MARKETING_VERSION = 1.0;
				PRODUCT_BUNDLE_IDENTIFIER = com.shuhui.OpenGLTestUITests;
				PRODUCT_NAME = "$(TARGET_NAME)";
				SWIFT_EMIT_LOC_STRINGS = NO;
				TEST_TARGET_NAME = OpenGLTest;
			};
			name = Release;
		};
/* End XCBuildConfiguration section */

/* Begin XCConfigurationList section */
		04981F432A1A046600F85EC8 /* Build configuration list for PBXProject "OpenGLTest" */ = {
			isa = XCConfigurationList;
			buildConfigurations = (
				04981F6F2A1A046900F85EC8 /* Debug */,
				04981F702A1A046900F85EC8 /* Release */,
			);
			defaultConfigurationIsVisible = 0;
			defaultConfigurationName = Release;
		};
		04981F712A1A046900F85EC8 /* Build configuration list for PBXNativeTarget "OpenGLTest" */ = {
			isa = XCConfigurationList;
			buildConfigurations = (
				04981F722A1A046900F85EC8 /* Debug */,
				04981F732A1A046900F85EC8 /* Release */,
			);
			defaultConfigurationIsVisible = 0;
			defaultConfigurationName = Release;
		};
		04981F742A1A046900F85EC8 /* Build configuration list for PBXNativeTarget "OpenGLTestTests" */ = {
			isa = XCConfigurationList;
			buildConfigurations = (
				04981F752A1A046900F85EC8 /* Debug */,
				04981F762A1A046900F85EC8 /* Release */,
			);
			defaultConfigurationIsVisible = 0;
			defaultConfigurationName = Release;
		};
		04981F772A1A046900F85EC8 /* Build configuration list for PBXNativeTarget "OpenGLTestUITests" */ = {
			isa = XCConfigurationList;
			buildConfigurations = (
				04981F782A1A046900F85EC8 /* Debug */,
				04981F792A1A046900F85EC8 /* Release */,
			);
			defaultConfigurationIsVisible = 0;
			defaultConfigurationName = Release;
		};
/* End XCConfigurationList section */
	};
	rootObject = 04981F402A1A046600F85EC8 /* Project object */;
}
